
Microsoft Visual Studio Solution File, Format Version 12.00
# Visual Studio 15
Project("{FAE04EC0-301F-11D3-BF4B-00C04F79EFBC}") = "Assembly-CSharp", "Assembly-CSharp.csproj", "{ACB2C888-810E-FAF3-1363-6930216FB544}"
EndProject
Global
	GlobalSection(SolutionConfigurationPlatforms) = preSolution
		Debug|Any CPU = Debug|Any CPU
		Release|Any CPU = Release|Any CPU
	EndGlobalSection
	GlobalSection(ProjectConfigurationPlatforms) = postSolution
		{ACB2C888-810E-FAF3-1363-6930216FB544}.Debug|Any CPU.ActiveCfg = Debug|Any CPU
		{ACB2C888-810E-FAF3-1363-6930216FB544}.Debug|Any CPU.Build.0 = Debug|Any CPU
		{ACB2C888-810E-FAF3-1363-6930216FB544}.Release|Any CPU.ActiveCfg = Release|Any CPU
		{ACB2C888-810E-FAF3-1363-6930216FB544}.Release|Any CPU.Build.0 = Release|Any CPU
	EndGlobalSection
	GlobalSection(SolutionProperties) = preSolution
		HideSolutionNode = FALSE
	EndGlobalSection
EndGlobal
